{
  "name": "tailwind-react-native-expo-express-node-mysql",
  "version": "1.0.0",
  "lockfileVersion": 3,
  "requires": true,
  "packages": {
    "": {
      "name": "tailwind-react-native-expo-express-node-mysql",
      "version": "1.0.0",
      "license": "ISC",
      "dependencies": {
        "tailwind-react-native-expo-express-node-mysql": "file:"
      }
    },
    "node_modules/tailwind-react-native-expo-express-node-mysql": {
      "resolved": "",
      "link": true
    }
  }
}
